
Microsoft Visual Studio Solution File, Format Version 12.00
# Visual Studio Version 16
VisualStudioVersion = 16.0.29905.134
MinimumVisualStudioVersion = 10.0.40219.1
Project("{FAE04EC0-301F-11D3-BF4B-00C04F79EFBC}") = "OpCodeConverter", "OpCodeConverter\OpCodeConverter.csproj", "{0D5F3D7B-9408-4215-807A-C6F6A3E930D1}"
EndProject
Global
	GlobalSection(SolutionConfigurationPlatforms) = preSolution
		Debug|Any CPU = Debug|Any CPU
		Release|Any CPU = Release|Any CPU
	EndGlobalSection
	GlobalSection(ProjectConfigurationPlatforms) = postSolution
		{0D5F3D7B-9408-4215-807A-C6F6A3E930D1}.Debug|Any CPU.ActiveCfg = Debug|Any CPU
		{0D5F3D7B-9408-4215-807A-C6F6A3E930D1}.Debug|Any CPU.Build.0 = Debug|Any CPU
		{0D5F3D7B-9408-4215-807A-C6F6A3E930D1}.Release|Any CPU.ActiveCfg = Release|Any CPU
		{0D5F3D7B-9408-4215-807A-C6F6A3E930D1}.Release|Any CPU.Build.0 = Release|Any CPU
	EndGlobalSection
	GlobalSection(SolutionProperties) = preSolution
		HideSolutionNode = FALSE
	EndGlobalSection
	GlobalSection(ExtensibilityGlobals) = postSolution
		SolutionGuid = {D5582732-633D-4145-A2CF-B6F2810E63D0}
	EndGlobalSection
EndGlobal
